
Microsoft Visual Studio Solution File, Format Version 12.00
Project("{FAE04EC0-301F-11D3-BF4B-00C04F79EFBC}") = "WorkBook", "WorkBook\WorkBook.csproj", "{E9563D6C-CAF9-49FD-A83C-C116F47BEC06}"
EndProject
Project("{2150E333-8FDC-42A3-9474-1A3956D46DE8}") = "Core", "Core", "{1090AB9B-3F3B-40DC-8034-AB9B2C900E39}"
EndProject
Project("{2150E333-8FDC-42A3-9474-1A3956D46DE8}") = "Infrastrcture", "Infrastrcture", "{6B648689-E2C8-4D4A-B7CB-8D029DE38869}"
EndProject
Project("{2150E333-8FDC-42A3-9474-1A3956D46DE8}") = "Presentation", "Presentation", "{E9BA2FD5-D516-492E-A413-198366772492}"
EndProject
Project("{2150E333-8FDC-42A3-9474-1A3956D46DE8}") = "Tests", "Tests", "{4C23F6AD-FDEC-4E72-86DE-38C07054DB2D}"
EndProject
Project("{FAE04EC0-301F-11D3-BF4B-00C04F79EFBC}") = "Domain", "Domain\Domain.csproj", "{73C72320-C0D9-4643-B695-6E477B394E60}"
EndProject
Project("{FAE04EC0-301F-11D3-BF4B-00C04F79EFBC}") = "Application", "Application\Application.csproj", "{5B4994EC-BB2E-4560-BB1A-434F846F8CB0}"
EndProject
Project("{FAE04EC0-301F-11D3-BF4B-00C04F79EFBC}") = "Persistence", "Persistence\Persistence.csproj", "{5368FC5A-0DCD-4014-98F5-165FEA78ED46}"
EndProject
Project("{FAE04EC0-301F-11D3-BF4B-00C04F79EFBC}") = "WebApi", "WebApi\WebApi.csproj", "{9328A401-73E0-4939-BEFC-695A0B32D593}"
EndProject
Project("{2150E333-8FDC-42A3-9474-1A3956D46DE8}") = "Identity", "Identity", "{7003DFED-15F0-4C71-A90A-02D7606D45A7}"
EndProject
Project("{FAE04EC0-301F-11D3-BF4B-00C04F79EFBC}") = "Identity", "Identity\Identity.csproj", "{3A52A32A-0AAD-4E00-A41A-723921C111A0}"
EndProject
Project("{FAE04EC0-301F-11D3-BF4B-00C04F79EFBC}") = "Migrations", "Migrations\Migrations.csproj", "{23EC272A-5335-4BB1-AE4E-5C98D4669EA8}"
EndProject
Global
	GlobalSection(SolutionConfigurationPlatforms) = preSolution
		Debug|Any CPU = Debug|Any CPU
		Release|Any CPU = Release|Any CPU
	EndGlobalSection
	GlobalSection(ProjectConfigurationPlatforms) = postSolution
		{E9563D6C-CAF9-49FD-A83C-C116F47BEC06}.Debug|Any CPU.ActiveCfg = Debug|Any CPU
		{E9563D6C-CAF9-49FD-A83C-C116F47BEC06}.Debug|Any CPU.Build.0 = Debug|Any CPU
		{E9563D6C-CAF9-49FD-A83C-C116F47BEC06}.Release|Any CPU.ActiveCfg = Release|Any CPU
		{E9563D6C-CAF9-49FD-A83C-C116F47BEC06}.Release|Any CPU.Build.0 = Release|Any CPU
		{73C72320-C0D9-4643-B695-6E477B394E60}.Debug|Any CPU.ActiveCfg = Debug|Any CPU
		{73C72320-C0D9-4643-B695-6E477B394E60}.Debug|Any CPU.Build.0 = Debug|Any CPU
		{73C72320-C0D9-4643-B695-6E477B394E60}.Release|Any CPU.ActiveCfg = Release|Any CPU
		{73C72320-C0D9-4643-B695-6E477B394E60}.Release|Any CPU.Build.0 = Release|Any CPU
		{5B4994EC-BB2E-4560-BB1A-434F846F8CB0}.Debug|Any CPU.ActiveCfg = Debug|Any CPU
		{5B4994EC-BB2E-4560-BB1A-434F846F8CB0}.Debug|Any CPU.Build.0 = Debug|Any CPU
		{5B4994EC-BB2E-4560-BB1A-434F846F8CB0}.Release|Any CPU.ActiveCfg = Release|Any CPU
		{5B4994EC-BB2E-4560-BB1A-434F846F8CB0}.Release|Any CPU.Build.0 = Release|Any CPU
		{5368FC5A-0DCD-4014-98F5-165FEA78ED46}.Debug|Any CPU.ActiveCfg = Debug|Any CPU
		{5368FC5A-0DCD-4014-98F5-165FEA78ED46}.Debug|Any CPU.Build.0 = Debug|Any CPU
		{5368FC5A-0DCD-4014-98F5-165FEA78ED46}.Release|Any CPU.ActiveCfg = Release|Any CPU
		{5368FC5A-0DCD-4014-98F5-165FEA78ED46}.Release|Any CPU.Build.0 = Release|Any CPU
		{9328A401-73E0-4939-BEFC-695A0B32D593}.Debug|Any CPU.ActiveCfg = Debug|Any CPU
		{9328A401-73E0-4939-BEFC-695A0B32D593}.Debug|Any CPU.Build.0 = Debug|Any CPU
		{9328A401-73E0-4939-BEFC-695A0B32D593}.Release|Any CPU.ActiveCfg = Release|Any CPU
		{9328A401-73E0-4939-BEFC-695A0B32D593}.Release|Any CPU.Build.0 = Release|Any CPU
		{3A52A32A-0AAD-4E00-A41A-723921C111A0}.Debug|Any CPU.ActiveCfg = Debug|Any CPU
		{3A52A32A-0AAD-4E00-A41A-723921C111A0}.Debug|Any CPU.Build.0 = Debug|Any CPU
		{3A52A32A-0AAD-4E00-A41A-723921C111A0}.Release|Any CPU.ActiveCfg = Release|Any CPU
		{3A52A32A-0AAD-4E00-A41A-723921C111A0}.Release|Any CPU.Build.0 = Release|Any CPU
		{23EC272A-5335-4BB1-AE4E-5C98D4669EA8}.Debug|Any CPU.ActiveCfg = Debug|Any CPU
		{23EC272A-5335-4BB1-AE4E-5C98D4669EA8}.Debug|Any CPU.Build.0 = Debug|Any CPU
		{23EC272A-5335-4BB1-AE4E-5C98D4669EA8}.Release|Any CPU.ActiveCfg = Release|Any CPU
		{23EC272A-5335-4BB1-AE4E-5C98D4669EA8}.Release|Any CPU.Build.0 = Release|Any CPU
	EndGlobalSection
	GlobalSection(NestedProjects) = preSolution
		{73C72320-C0D9-4643-B695-6E477B394E60} = {1090AB9B-3F3B-40DC-8034-AB9B2C900E39}
		{5B4994EC-BB2E-4560-BB1A-434F846F8CB0} = {1090AB9B-3F3B-40DC-8034-AB9B2C900E39}
		{5368FC5A-0DCD-4014-98F5-165FEA78ED46} = {6B648689-E2C8-4D4A-B7CB-8D029DE38869}
		{9328A401-73E0-4939-BEFC-695A0B32D593} = {E9BA2FD5-D516-492E-A413-198366772492}
		{3A52A32A-0AAD-4E00-A41A-723921C111A0} = {7003DFED-15F0-4C71-A90A-02D7606D45A7}
		{23EC272A-5335-4BB1-AE4E-5C98D4669EA8} = {6B648689-E2C8-4D4A-B7CB-8D029DE38869}
	EndGlobalSection
EndGlobal
